
Microsoft Visual Studio Solution File, Format Version 12.00
# Visual Studio 15
VisualStudioVersion = 15.0.27428.2037
MinimumVisualStudioVersion = 10.0.40219.1
Project("{FAE04EC0-301F-11D3-BF4B-00C04F79EFBC}") = "LanguageSample.Android", "LanguageSample\LanguageSample.Android\LanguageSample.Android.csproj", "{62AF22D4-2ADD-458A-AE0A-10BEEBB841A7}"
EndProject
Project("{FAE04EC0-301F-11D3-BF4B-00C04F79EFBC}") = "LanguageSample.iOS", "LanguageSample\LanguageSample.iOS\LanguageSample.iOS.csproj", "{F336C6BF-2FC6-44FA-82D1-E18264FEBE3D}"
EndProject
Project("{FAE04EC0-301F-11D3-BF4B-00C04F79EFBC}") = "LanguageSample.UWP", "LanguageSample\LanguageSample.UWP\LanguageSample.UWP.csproj", "{20D7191E-BA71-40AD-A0C9-BAFC3D2B518C}"
EndProject
Project("{9A19103F-16F7-4668-BE54-9A1E7A4F7556}") = "LanguageSample", "LanguageSample\LanguageSample\LanguageSample.csproj", "{B6DB2AEB-1658-4585-A2C2-634EC4E26591}"
EndProject
Global
	GlobalSection(SolutionConfigurationPlatforms) = preSolution
		Ad-Hoc|Any CPU = Ad-Hoc|Any CPU
		Ad-Hoc|ARM = Ad-Hoc|ARM
		Ad-Hoc|iPhone = Ad-Hoc|iPhone
		Ad-Hoc|iPhoneSimulator = Ad-Hoc|iPhoneSimulator
		Ad-Hoc|x64 = Ad-Hoc|x64
		Ad-Hoc|x86 = Ad-Hoc|x86
		AppStore|Any CPU = AppStore|Any CPU
		AppStore|ARM = AppStore|ARM
		AppStore|iPhone = AppStore|iPhone
		AppStore|iPhoneSimulator = AppStore|iPhoneSimulator
		AppStore|x64 = AppStore|x64
		AppStore|x86 = AppStore|x86
		Debug|Any CPU = Debug|Any CPU
		Debug|ARM = Debug|ARM
		Debug|iPhone = Debug|iPhone
		Debug|iPhoneSimulator = Debug|iPhoneSimulator
		Debug|x64 = Debug|x64
		Debug|x86 = Debug|x86
		Release|Any CPU = Release|Any CPU
		Release|ARM = Release|ARM
		Release|iPhone = Release|iPhone
		Release|iPhoneSimulator = Release|iPhoneSimulator
		Release|x64 = Release|x64
		Release|x86 = Release|x86
	EndGlobalSection
	GlobalSection(ProjectConfigurationPlatforms) = postSolution
		{62AF22D4-2ADD-458A-AE0A-10BEEBB841A7}.Ad-Hoc|Any CPU.ActiveCfg = Release|Any CPU
		{62AF22D4-2ADD-458A-AE0A-10BEEBB841A7}.Ad-Hoc|Any CPU.Build.0 = Release|Any CPU
		{62AF22D4-2ADD-458A-AE0A-10BEEBB841A7}.Ad-Hoc|Any CPU.Deploy.0 = Release|Any CPU
		{62AF22D4-2ADD-458A-AE0A-10BEEBB841A7}.Ad-Hoc|ARM.ActiveCfg = Release|Any CPU
		{62AF22D4-2ADD-458A-AE0A-10BEEBB841A7}.Ad-Hoc|ARM.Build.0 = Release|Any CPU
		{62AF22D4-2ADD-458A-AE0A-10BEEBB841A7}.Ad-Hoc|ARM.Deploy.0 = Release|Any CPU
		{62AF22D4-2ADD-458A-AE0A-10BEEBB841A7}.Ad-Hoc|iPhone.ActiveCfg = Release|Any CPU
		{62AF22D4-2ADD-458A-AE0A-10BEEBB841A7}.Ad-Hoc|iPhone.Build.0 = Release|Any CPU
		{62AF22D4-2ADD-458A-AE0A-10BEEBB841A7}.Ad-Hoc|iPhone.Deploy.0 = Release|Any CPU
		{62AF22D4-2ADD-458A-AE0A-10BEEBB841A7}.Ad-Hoc|iPhoneSimulator.ActiveCfg = Release|Any CPU
		{62AF22D4-2ADD-458A-AE0A-10BEEBB841A7}.Ad-Hoc|iPhoneSimulator.Build.0 = Release|Any CPU
		{62AF22D4-2ADD-458A-AE0A-10BEEBB841A7}.Ad-Hoc|iPhoneSimulator.Deploy.0 = Release|Any CPU
		{62AF22D4-2ADD-458A-AE0A-10BEEBB841A7}.Ad-Hoc|x64.ActiveCfg = Release|Any CPU
		{62AF22D4-2ADD-458A-AE0A-10BEEBB841A7}.Ad-Hoc|x64.Build.0 = Release|Any CPU
		{62AF22D4-2ADD-458A-AE0A-10BEEBB841A7}.Ad-Hoc|x64.Deploy.0 = Release|Any CPU
		{62AF22D4-2ADD-458A-AE0A-10BEEBB841A7}.Ad-Hoc|x86.ActiveCfg = Release|Any CPU
		{62AF22D4-2ADD-458A-AE0A-10BEEBB841A7}.Ad-Hoc|x86.Build.0 = Release|Any CPU
		{62AF22D4-2ADD-458A-AE0A-10BEEBB841A7}.Ad-Hoc|x86.Deploy.0 = Release|Any CPU
		{62AF22D4-2ADD-458A-AE0A-10BEEBB841A7}.AppStore|Any CPU.ActiveCfg = Release|Any CPU
		{62AF22D4-2ADD-458A-AE0A-10BEEBB841A7}.AppStore|Any CPU.Build.0 = Release|Any CPU
		{62AF22D4-2ADD-458A-AE0A-10BEEBB841A7}.AppStore|Any CPU.Deploy.0 = Release|Any CPU
		{62AF22D4-2ADD-458A-AE0A-10BEEBB841A7}.AppStore|ARM.ActiveCfg = Release|Any CPU
		{62AF22D4-2ADD-458A-AE0A-10BEEBB841A7}.AppStore|ARM.Build.0 = Release|Any CPU
		{62AF22D4-2ADD-458A-AE0A-10BEEBB841A7}.AppStore|ARM.Deploy.0 = Release|Any CPU
		{62AF22D4-2ADD-458A-AE0A-10BEEBB841A7}.AppStore|iPhone.ActiveCfg = Release|Any CPU
		{62AF22D4-2ADD-458A-AE0A-10BEEBB841A7}.AppStore|iPhone.Build.0 = Release|Any CPU
		{62AF22D4-2ADD-458A-AE0A-10BEEBB841A7}.AppStore|iPhone.Deploy.0 = Release|Any CPU
		{62AF22D4-2ADD-458A-AE0A-10BEEBB841A7}.AppStore|iPhoneSimulator.ActiveCfg = Release|Any CPU
		{62AF22D4-2ADD-458A-AE0A-10BEEBB841A7}.AppStore|iPhoneSimulator.Build.0 = Release|Any CPU
		{62AF22D4-2ADD-458A-AE0A-10BEEBB841A7}.AppStore|iPhoneSimulator.Deploy.0 = Release|Any CPU
		{62AF22D4-2ADD-458A-AE0A-10BEEBB841A7}.AppStore|x64.ActiveCfg = Release|Any CPU
		{62AF22D4-2ADD-458A-AE0A-10BEEBB841A7}.AppStore|x64.Build.0 = Release|Any CPU
		{62AF22D4-2ADD-458A-AE0A-10BEEBB841A7}.AppStore|x64.Deploy.0 = Release|Any CPU
		{62AF22D4-2ADD-458A-AE0A-10BEEBB841A7}.AppStore|x86.ActiveCfg = Release|Any CPU
		{62AF22D4-2ADD-458A-AE0A-10BEEBB841A7}.AppStore|x86.Build.0 = Release|Any CPU
		{62AF22D4-2ADD-458A-AE0A-10BEEBB841A7}.AppStore|x86.Deploy.0 = Release|Any CPU
		{62AF22D4-2ADD-458A-AE0A-10BEEBB841A7}.Debug|Any CPU.ActiveCfg = Debug|Any CPU
		{62AF22D4-2ADD-458A-AE0A-10BEEBB841A7}.Debug|Any CPU.Build.0 = Debug|Any CPU
		{62AF22D4-2ADD-458A-AE0A-10BEEBB841A7}.Debug|Any CPU.Deploy.0 = Debug|Any CPU
		{62AF22D4-2ADD-458A-AE0A-10BEEBB841A7}.Debug|ARM.ActiveCfg = Debug|Any CPU
		{62AF22D4-2ADD-458A-AE0A-10BEEBB841A7}.Debug|ARM.Build.0 = Debug|Any CPU
		{62AF22D4-2ADD-458A-AE0A-10BEEBB841A7}.Debug|ARM.Deploy.0 = Debug|Any CPU
		{62AF22D4-2ADD-458A-AE0A-10BEEBB841A7}.Debug|iPhone.ActiveCfg = Debug|Any CPU
		{62AF22D4-2ADD-458A-AE0A-10BEEBB841A7}.Debug|iPhone.Build.0 = Debug|Any CPU
		{62AF22D4-2ADD-458A-AE0A-10BEEBB841A7}.Debug|iPhone.Deploy.0 = Debug|Any CPU
		{62AF22D4-2ADD-458A-AE0A-10BEEBB841A7}.Debug|iPhoneSimulator.ActiveCfg = Debug|Any CPU
		{62AF22D4-2ADD-458A-AE0A-10BEEBB841A7}.Debug|iPhoneSimulator.Build.0 = Debug|Any CPU
		{62AF22D4-2ADD-458A-AE0A-10BEEBB841A7}.Debug|iPhoneSimulator.Deploy.0 = Debug|Any CPU
		{62AF22D4-2ADD-458A-AE0A-10BEEBB841A7}.Debug|x64.ActiveCfg = Debug|Any CPU
		{62AF22D4-2ADD-458A-AE0A-10BEEBB841A7}.Debug|x64.Build.0 = Debug|Any CPU
		{62AF22D4-2ADD-458A-AE0A-10BEEBB841A7}.Debug|x64.Deploy.0 = Debug|Any CPU
		{62AF22D4-2ADD-458A-AE0A-10BEEBB841A7}.Debug|x86.ActiveCfg = Debug|Any CPU
		{62AF22D4-2ADD-458A-AE0A-10BEEBB841A7}.Debug|x86.Build.0 = Debug|Any CPU
		{62AF22D4-2ADD-458A-AE0A-10BEEBB841A7}.Debug|x86.Deploy.0 = Debug|Any CPU
		{62AF22D4-2ADD-458A-AE0A-10BEEBB841A7}.Release|Any CPU.ActiveCfg = Release|Any CPU
		{62AF22D4-2ADD-458A-AE0A-10BEEBB841A7}.Release|Any CPU.Build.0 = Release|Any CPU
		{62AF22D4-2ADD-458A-AE0A-10BEEBB841A7}.Release|Any CPU.Deploy.0 = Release|Any CPU
		{62AF22D4-2ADD-458A-AE0A-10BEEBB841A7}.Release|ARM.ActiveCfg = Release|Any CPU
		{62AF22D4-2ADD-458A-AE0A-10BEEBB841A7}.Release|ARM.Build.0 = Release|Any CPU
		{62AF22D4-2ADD-458A-AE0A-10BEEBB841A7}.Release|ARM.Deploy.0 = Release|Any CPU
		{62AF22D4-2ADD-458A-AE0A-10BEEBB841A7}.Release|iPhone.ActiveCfg = Release|Any CPU
		{62AF22D4-2ADD-458A-AE0A-10BEEBB841A7}.Release|iPhone.Build.0 = Release|Any CPU
		{62AF22D4-2ADD-458A-AE0A-10BEEBB841A7}.Release|iPhone.Deploy.0 = Release|Any CPU
		{62AF22D4-2ADD-458A-AE0A-10BEEBB841A7}.Release|iPhoneSimulator.ActiveCfg = Release|Any CPU
		{62AF22D4-2ADD-458A-AE0A-10BEEBB841A7}.Release|iPhoneSimulator.Build.0 = Release|Any CPU
		{62AF22D4-2ADD-458A-AE0A-10BEEBB841A7}.Release|iPhoneSimulator.Deploy.0 = Release|Any CPU
		{62AF22D4-2ADD-458A-AE0A-10BEEBB841A7}.Release|x64.ActiveCfg = Release|Any CPU
		{62AF22D4-2ADD-458A-AE0A-10BEEBB841A7}.Release|x64.Build.0 = Release|Any CPU
		{62AF22D4-2ADD-458A-AE0A-10BEEBB841A7}.Release|x64.Deploy.0 = Release|Any CPU
		{62AF22D4-2ADD-458A-AE0A-10BEEBB841A7}.Release|x86.ActiveCfg = Release|Any CPU
		{62AF22D4-2ADD-458A-AE0A-10BEEBB841A7}.Release|x86.Build.0 = Release|Any CPU
		{62AF22D4-2ADD-458A-AE0A-10BEEBB841A7}.Release|x86.Deploy.0 = Release|Any CPU
		{F336C6BF-2FC6-44FA-82D1-E18264FEBE3D}.Ad-Hoc|Any CPU.ActiveCfg = Ad-Hoc|iPhone
		{F336C6BF-2FC6-44FA-82D1-E18264FEBE3D}.Ad-Hoc|ARM.ActiveCfg = Ad-Hoc|iPhone
		{F336C6BF-2FC6-44FA-82D1-E18264FEBE3D}.Ad-Hoc|iPhone.ActiveCfg = Ad-Hoc|iPhone
		{F336C6BF-2FC6-44FA-82D1-E18264FEBE3D}.Ad-Hoc|iPhone.Build.0 = Ad-Hoc|iPhone
		{F336C6BF-2FC6-44FA-82D1-E18264FEBE3D}.Ad-Hoc|iPhoneSimulator.ActiveCfg = Ad-Hoc|iPhoneSimulator
		{F336C6BF-2FC6-44FA-82D1-E18264FEBE3D}.Ad-Hoc|iPhoneSimulator.Build.0 = Ad-Hoc|iPhoneSimulator
		{F336C6BF-2FC6-44FA-82D1-E18264FEBE3D}.Ad-Hoc|x64.ActiveCfg = Ad-Hoc|iPhone
		{F336C6BF-2FC6-44FA-82D1-E18264FEBE3D}.Ad-Hoc|x86.ActiveCfg = Ad-Hoc|iPhone
		{F336C6BF-2FC6-44FA-82D1-E18264FEBE3D}.AppStore|Any CPU.ActiveCfg = AppStore|iPhone
		{F336C6BF-2FC6-44FA-82D1-E18264FEBE3D}.AppStore|ARM.ActiveCfg = AppStore|iPhone
		{F336C6BF-2FC6-44FA-82D1-E18264FEBE3D}.AppStore|iPhone.ActiveCfg = AppStore|iPhone
		{F336C6BF-2FC6-44FA-82D1-E18264FEBE3D}.AppStore|iPhone.Build.0 = AppStore|iPhone
		{F336C6BF-2FC6-44FA-82D1-E18264FEBE3D}.AppStore|iPhoneSimulator.ActiveCfg = AppStore|iPhoneSimulator
		{F336C6BF-2FC6-44FA-82D1-E18264FEBE3D}.AppStore|iPhoneSimulator.Build.0 = AppStore|iPhoneSimulator
		{F336C6BF-2FC6-44FA-82D1-E18264FEBE3D}.AppStore|x64.ActiveCfg = AppStore|iPhone
		{F336C6BF-2FC6-44FA-82D1-E18264FEBE3D}.AppStore|x86.ActiveCfg = AppStore|iPhone
		{F336C6BF-2FC6-44FA-82D1-E18264FEBE3D}.Debug|Any CPU.ActiveCfg = Debug|iPhone
		{F336C6BF-2FC6-44FA-82D1-E18264FEBE3D}.Debug|ARM.ActiveCfg = Debug|iPhone
		{F336C6BF-2FC6-44FA-82D1-E18264FEBE3D}.Debug|iPhone.ActiveCfg = Debug|iPhone
		{F336C6BF-2FC6-44FA-82D1-E18264FEBE3D}.Debug|iPhone.Build.0 = Debug|iPhone
		{F336C6BF-2FC6-44FA-82D1-E18264FEBE3D}.Debug|iPhoneSimulator.ActiveCfg = Debug|iPhoneSimulator
		{F336C6BF-2FC6-44FA-82D1-E18264FEBE3D}.Debug|iPhoneSimulator.Build.0 = Debug|iPhoneSimulator
		{F336C6BF-2FC6-44FA-82D1-E18264FEBE3D}.Debug|x64.ActiveCfg = Debug|iPhone
		{F336C6BF-2FC6-44FA-82D1-E18264FEBE3D}.Debug|x86.ActiveCfg = Debug|iPhone
		{F336C6BF-2FC6-44FA-82D1-E18264FEBE3D}.Release|Any CPU.ActiveCfg = Release|iPhone
		{F336C6BF-2FC6-44FA-82D1-E18264FEBE3D}.Release|ARM.ActiveCfg = Release|iPhone
		{F336C6BF-2FC6-44FA-82D1-E18264FEBE3D}.Release|iPhone.ActiveCfg = Release|iPhone
		{F336C6BF-2FC6-44FA-82D1-E18264FEBE3D}.Release|iPhone.Build.0 = Release|iPhone
		{F336C6BF-2FC6-44FA-82D1-E18264FEBE3D}.Release|iPhoneSimulator.ActiveCfg = Release|iPhoneSimulator
		{F336C6BF-2FC6-44FA-82D1-E18264FEBE3D}.Release|iPhoneSimulator.Build.0 = Release|iPhoneSimulator
		{F336C6BF-2FC6-44FA-82D1-E18264FEBE3D}.Release|x64.ActiveCfg = Release|iPhone
		{F336C6BF-2FC6-44FA-82D1-E18264FEBE3D}.Release|x86.ActiveCfg = Release|iPhone
		{20D7191E-BA71-40AD-A0C9-BAFC3D2B518C}.Ad-Hoc|Any CPU.ActiveCfg = Release|x86
		{20D7191E-BA71-40AD-A0C9-BAFC3D2B518C}.Ad-Hoc|Any CPU.Build.0 = Release|x86
		{20D7191E-BA71-40AD-A0C9-BAFC3D2B518C}.Ad-Hoc|Any CPU.Deploy.0 = Release|x86
		{20D7191E-BA71-40AD-A0C9-BAFC3D2B518C}.Ad-Hoc|ARM.ActiveCfg = Release|ARM
		{20D7191E-BA71-40AD-A0C9-BAFC3D2B518C}.Ad-Hoc|ARM.Build.0 = Release|ARM
		{20D7191E-BA71-40AD-A0C9-BAFC3D2B518C}.Ad-Hoc|ARM.Deploy.0 = Release|ARM
		{20D7191E-BA71-40AD-A0C9-BAFC3D2B518C}.Ad-Hoc|iPhone.ActiveCfg = Release|x86
		{20D7191E-BA71-40AD-A0C9-BAFC3D2B518C}.Ad-Hoc|iPhone.Build.0 = Release|x86
		{20D7191E-BA71-40AD-A0C9-BAFC3D2B518C}.Ad-Hoc|iPhone.Deploy.0 = Release|x86
		{20D7191E-BA71-40AD-A0C9-BAFC3D2B518C}.Ad-Hoc|iPhoneSimulator.ActiveCfg = Release|x86
		{20D7191E-BA71-40AD-A0C9-BAFC3D2B518C}.Ad-Hoc|iPhoneSimulator.Build.0 = Release|x86
		{20D7191E-BA71-40AD-A0C9-BAFC3D2B518C}.Ad-Hoc|iPhoneSimulator.Deploy.0 = Release|x86
		{20D7191E-BA71-40AD-A0C9-BAFC3D2B518C}.Ad-Hoc|x64.ActiveCfg = Release|x64
		{20D7191E-BA71-40AD-A0C9-BAFC3D2B518C}.Ad-Hoc|x64.Build.0 = Release|x64
		{20D7191E-BA71-40AD-A0C9-BAFC3D2B518C}.Ad-Hoc|x64.Deploy.0 = Release|x64
		{20D7191E-BA71-40AD-A0C9-BAFC3D2B518C}.Ad-Hoc|x86.ActiveCfg = Release|x86
		{20D7191E-BA71-40AD-A0C9-BAFC3D2B518C}.Ad-Hoc|x86.Build.0 = Release|x86
		{20D7191E-BA71-40AD-A0C9-BAFC3D2B518C}.Ad-Hoc|x86.Deploy.0 = Release|x86
		{20D7191E-BA71-40AD-A0C9-BAFC3D2B518C}.AppStore|Any CPU.ActiveCfg = Release|x86
		{20D7191E-BA71-40AD-A0C9-BAFC3D2B518C}.AppStore|Any CPU.Build.0 = Release|x86
		{20D7191E-BA71-40AD-A0C9-BAFC3D2B518C}.AppStore|Any CPU.Deploy.0 = Release|x86
		{20D7191E-BA71-40AD-A0C9-BAFC3D2B518C}.AppStore|ARM.ActiveCfg = Release|ARM
		{20D7191E-BA71-40AD-A0C9-BAFC3D2B518C}.AppStore|ARM.Build.0 = Release|ARM
		{20D7191E-BA71-40AD-A0C9-BAFC3D2B518C}.AppStore|ARM.Deploy.0 = Release|ARM
		{20D7191E-BA71-40AD-A0C9-BAFC3D2B518C}.AppStore|iPhone.ActiveCfg = Release|x86
		{20D7191E-BA71-40AD-A0C9-BAFC3D2B518C}.AppStore|iPhone.Build.0 = Release|x86
		{20D7191E-BA71-40AD-A0C9-BAFC3D2B518C}.AppStore|iPhone.Deploy.0 = Release|x86
		{20D7191E-BA71-40AD-A0C9-BAFC3D2B518C}.AppStore|iPhoneSimulator.ActiveCfg = Release|x86
		{20D7191E-BA71-40AD-A0C9-BAFC3D2B518C}.AppStore|iPhoneSimulator.Build.0 = Release|x86
		{20D7191E-BA71-40AD-A0C9-BAFC3D2B518C}.AppStore|iPhoneSimulator.Deploy.0 = Release|x86
		{20D7191E-BA71-40AD-A0C9-BAFC3D2B518C}.AppStore|x64.ActiveCfg = Release|x64
		{20D7191E-BA71-40AD-A0C9-BAFC3D2B518C}.AppStore|x64.Build.0 = Release|x64
		{20D7191E-BA71-40AD-A0C9-BAFC3D2B518C}.AppStore|x64.Deploy.0 = Release|x64
		{20D7191E-BA71-40AD-A0C9-BAFC3D2B518C}.AppStore|x86.ActiveCfg = Release|x86
		{20D7191E-BA71-40AD-A0C9-BAFC3D2B518C}.AppStore|x86.Build.0 = Release|x86
		{20D7191E-BA71-40AD-A0C9-BAFC3D2B518C}.AppStore|x86.Deploy.0 = Release|x86
		{20D7191E-BA71-40AD-A0C9-BAFC3D2B518C}.Debug|Any CPU.ActiveCfg = Debug|x86
		{20D7191E-BA71-40AD-A0C9-BAFC3D2B518C}.Debug|ARM.ActiveCfg = Debug|ARM
		{20D7191E-BA71-40AD-A0C9-BAFC3D2B518C}.Debug|ARM.Build.0 = Debug|ARM
		{20D7191E-BA71-40AD-A0C9-BAFC3D2B518C}.Debug|ARM.Deploy.0 = Debug|ARM
		{20D7191E-BA71-40AD-A0C9-BAFC3D2B518C}.Debug|iPhone.ActiveCfg = Debug|x86
		{20D7191E-BA71-40AD-A0C9-BAFC3D2B518C}.Debug|iPhoneSimulator.ActiveCfg = Debug|x86
		{20D7191E-BA71-40AD-A0C9-BAFC3D2B518C}.Debug|x64.ActiveCfg = Debug|x64
		{20D7191E-BA71-40AD-A0C9-BAFC3D2B518C}.Debug|x64.Build.0 = Debug|x64
		{20D7191E-BA71-40AD-A0C9-BAFC3D2B518C}.Debug|x64.Deploy.0 = Debug|x64
		{20D7191E-BA71-40AD-A0C9-BAFC3D2B518C}.Debug|x86.ActiveCfg = Debug|x86
		{20D7191E-BA71-40AD-A0C9-BAFC3D2B518C}.Debug|x86.Build.0 = Debug|x86
		{20D7191E-BA71-40AD-A0C9-BAFC3D2B518C}.Debug|x86.Deploy.0 = Debug|x86
		{20D7191E-BA71-40AD-A0C9-BAFC3D2B518C}.Release|Any CPU.ActiveCfg = Release|x86
		{20D7191E-BA71-40AD-A0C9-BAFC3D2B518C}.Release|ARM.ActiveCfg = Release|ARM
		{20D7191E-BA71-40AD-A0C9-BAFC3D2B518C}.Release|ARM.Build.0 = Release|ARM
		{20D7191E-BA71-40AD-A0C9-BAFC3D2B518C}.Release|ARM.Deploy.0 = Release|ARM
		{20D7191E-BA71-40AD-A0C9-BAFC3D2B518C}.Release|iPhone.ActiveCfg = Release|x86
		{20D7191E-BA71-40AD-A0C9-BAFC3D2B518C}.Release|iPhoneSimulator.ActiveCfg = Release|x86
		{20D7191E-BA71-40AD-A0C9-BAFC3D2B518C}.Release|x64.ActiveCfg = Release|x64
		{20D7191E-BA71-40AD-A0C9-BAFC3D2B518C}.Release|x64.Build.0 = Release|x64
		{20D7191E-BA71-40AD-A0C9-BAFC3D2B518C}.Release|x64.Deploy.0 = Release|x64
		{20D7191E-BA71-40AD-A0C9-BAFC3D2B518C}.Release|x86.ActiveCfg = Release|x86
		{20D7191E-BA71-40AD-A0C9-BAFC3D2B518C}.Release|x86.Build.0 = Release|x86
		{20D7191E-BA71-40AD-A0C9-BAFC3D2B518C}.Release|x86.Deploy.0 = Release|x86
		{B6DB2AEB-1658-4585-A2C2-634EC4E26591}.Ad-Hoc|Any CPU.ActiveCfg = Debug|Any CPU
		{B6DB2AEB-1658-4585-A2C2-634EC4E26591}.Ad-Hoc|Any CPU.Build.0 = Debug|Any CPU
		{B6DB2AEB-1658-4585-A2C2-634EC4E26591}.Ad-Hoc|ARM.ActiveCfg = Debug|Any CPU
		{B6DB2AEB-1658-4585-A2C2-634EC4E26591}.Ad-Hoc|ARM.Build.0 = Debug|Any CPU
		{B6DB2AEB-1658-4585-A2C2-634EC4E26591}.Ad-Hoc|iPhone.ActiveCfg = Debug|Any CPU
		{B6DB2AEB-1658-4585-A2C2-634EC4E26591}.Ad-Hoc|iPhone.Build.0 = Debug|Any CPU
		{B6DB2AEB-1658-4585-A2C2-634EC4E26591}.Ad-Hoc|iPhoneSimulator.ActiveCfg = Debug|Any CPU
		{B6DB2AEB-1658-4585-A2C2-634EC4E26591}.Ad-Hoc|iPhoneSimulator.Build.0 = Debug|Any CPU
		{B6DB2AEB-1658-4585-A2C2-634EC4E26591}.Ad-Hoc|x64.ActiveCfg = Debug|Any CPU
		{B6DB2AEB-1658-4585-A2C2-634EC4E26591}.Ad-Hoc|x64.Build.0 = Debug|Any CPU
		{B6DB2AEB-1658-4585-A2C2-634EC4E26591}.Ad-Hoc|x86.ActiveCfg = Debug|Any CPU
		{B6DB2AEB-1658-4585-A2C2-634EC4E26591}.Ad-Hoc|x86.Build.0 = Debug|Any CPU
		{B6DB2AEB-1658-4585-A2C2-634EC4E26591}.AppStore|Any CPU.ActiveCfg = Debug|Any CPU
		{B6DB2AEB-1658-4585-A2C2-634EC4E26591}.AppStore|Any CPU.Build.0 = Debug|Any CPU
		{B6DB2AEB-1658-4585-A2C2-634EC4E26591}.AppStore|ARM.ActiveCfg = Debug|Any CPU
		{B6DB2AEB-1658-4585-A2C2-634EC4E26591}.AppStore|ARM.Build.0 = Debug|Any CPU
		{B6DB2AEB-1658-4585-A2C2-634EC4E26591}.AppStore|iPhone.ActiveCfg = Debug|Any CPU
		{B6DB2AEB-1658-4585-A2C2-634EC4E26591}.AppStore|iPhone.Build.0 = Debug|Any CPU
		{B6DB2AEB-1658-4585-A2C2-634EC4E26591}.AppStore|iPhoneSimulator.ActiveCfg = Debug|Any CPU
		{B6DB2AEB-1658-4585-A2C2-634EC4E26591}.AppStore|iPhoneSimulator.Build.0 = Debug|Any CPU
		{B6DB2AEB-1658-4585-A2C2-634EC4E26591}.AppStore|x64.ActiveCfg = Debug|Any CPU
		{B6DB2AEB-1658-4585-A2C2-634EC4E26591}.AppStore|x64.Build.0 = Debug|Any CPU
		{B6DB2AEB-1658-4585-A2C2-634EC4E26591}.AppStore|x86.ActiveCfg = Debug|Any CPU
		{B6DB2AEB-1658-4585-A2C2-634EC4E26591}.AppStore|x86.Build.0 = Debug|Any CPU
		{B6DB2AEB-1658-4585-A2C2-634EC4E26591}.Debug|Any CPU.ActiveCfg = Debug|Any CPU
		{B6DB2AEB-1658-4585-A2C2-634EC4E26591}.Debug|Any CPU.Build.0 = Debug|Any CPU
		{B6DB2AEB-1658-4585-A2C2-634EC4E26591}.Debug|ARM.ActiveCfg = Debug|Any CPU
		{B6DB2AEB-1658-4585-A2C2-634EC4E26591}.Debug|ARM.Build.0 = Debug|Any CPU
		{B6DB2AEB-1658-4585-A2C2-634EC4E26591}.Debug|iPhone.ActiveCfg = Debug|Any CPU
		{B6DB2AEB-1658-4585-A2C2-634EC4E26591}.Debug|iPhone.Build.0 = Debug|Any CPU
		{B6DB2AEB-1658-4585-A2C2-634EC4E26591}.Debug|iPhoneSimulator.ActiveCfg = Debug|Any CPU
		{B6DB2AEB-1658-4585-A2C2-634EC4E26591}.Debug|iPhoneSimulator.Build.0 = Debug|Any CPU
		{B6DB2AEB-1658-4585-A2C2-634EC4E26591}.Debug|x64.ActiveCfg = Debug|Any CPU
		{B6DB2AEB-1658-4585-A2C2-634EC4E26591}.Debug|x64.Build.0 = Debug|Any CPU
		{B6DB2AEB-1658-4585-A2C2-634EC4E26591}.Debug|x86.ActiveCfg = Debug|Any CPU
		{B6DB2AEB-1658-4585-A2C2-634EC4E26591}.Debug|x86.Build.0 = Debug|Any CPU
		{B6DB2AEB-1658-4585-A2C2-634EC4E26591}.Release|Any CPU.ActiveCfg = Release|Any CPU
		{B6DB2AEB-1658-4585-A2C2-634EC4E26591}.Release|Any CPU.Build.0 = Release|Any CPU
		{B6DB2AEB-1658-4585-A2C2-634EC4E26591}.Release|ARM.ActiveCfg = Release|Any CPU
		{B6DB2AEB-1658-4585-A2C2-634EC4E26591}.Release|ARM.Build.0 = Release|Any CPU
		{B6DB2AEB-1658-4585-A2C2-634EC4E26591}.Release|iPhone.ActiveCfg = Release|Any CPU
		{B6DB2AEB-1658-4585-A2C2-634EC4E26591}.Release|iPhone.Build.0 = Release|Any CPU
		{B6DB2AEB-1658-4585-A2C2-634EC4E26591}.Release|iPhoneSimulator.ActiveCfg = Release|Any CPU
		{B6DB2AEB-1658-4585-A2C2-634EC4E26591}.Release|iPhoneSimulator.Build.0 = Release|Any CPU
		{B6DB2AEB-1658-4585-A2C2-634EC4E26591}.Release|x64.ActiveCfg = Release|Any CPU
		{B6DB2AEB-1658-4585-A2C2-634EC4E26591}.Release|x64.Build.0 = Release|Any CPU
		{B6DB2AEB-1658-4585-A2C2-634EC4E26591}.Release|x86.ActiveCfg = Release|Any CPU
		{B6DB2AEB-1658-4585-A2C2-634EC4E26591}.Release|x86.Build.0 = Release|Any CPU
	EndGlobalSection
	GlobalSection(SolutionProperties) = preSolution
		HideSolutionNode = FALSE
	EndGlobalSection
	GlobalSection(ExtensibilityGlobals) = postSolution
		SolutionGuid = {E08EF18D-4533-4916-AFE8-973EA36F0477}
	EndGlobalSection
EndGlobal
